
Microsoft Visual Studio Solution File, Format Version 12.00
# Visual Studio Version 17
VisualStudioVersion = 17.4.33403.182
MinimumVisualStudioVersion = 10.0.40219.1
Project("{9A19103F-16F7-4668-BE54-9A1E7A4F7556}") = "PaymentManagementApp", "PaymentManagementApp.csproj", "{5BF58915-FEB7-4583-AFA9-DCDCAE885762}"
EndProject
Project("{9A19103F-16F7-4668-BE54-9A1E7A4F7556}") = "PaymentManagementApp.BusinessLayer", "..\PaymentManagementApp.BusinessLayer\PaymentManagementApp.BusinessLayer.csproj", "{8900C89A-0DEF-478C-9141-6CB371A97D00}"
EndProject
Project("{9A19103F-16F7-4668-BE54-9A1E7A4F7556}") = "PaymentManagementApp.DataLayer", "..\PaymentManagementApp.DataLayer\PaymentManagementApp.DataLayer.csproj", "{1837BEAC-CC20-46BE-8CD4-D05B2B0D4B5F}"
EndProject
Project("{9A19103F-16F7-4668-BE54-9A1E7A4F7556}") = "PaymentManagementApp.Entities", "..\PaymentManagementApp.Entities\PaymentManagementApp.Entities.csproj", "{AC967FCD-47FB-4B5E-90EC-4068607F9652}"
EndProject
Project("{9A19103F-16F7-4668-BE54-9A1E7A4F7556}") = "PaymentManagementApp.Tests", "..\PaymentManagementApp.Tests\PaymentManagementApp.Tests.csproj", "{6600FDCB-6942-4798-AE27-52AD63334C71}"
EndProject
Global
	GlobalSection(SolutionConfigurationPlatforms) = preSolution
		Debug|Any CPU = Debug|Any CPU
		Release|Any CPU = Release|Any CPU
	EndGlobalSection
	GlobalSection(ProjectConfigurationPlatforms) = postSolution
		{5BF58915-FEB7-4583-AFA9-DCDCAE885762}.Debug|Any CPU.ActiveCfg = Debug|Any CPU
		{5BF58915-FEB7-4583-AFA9-DCDCAE885762}.Debug|Any CPU.Build.0 = Debug|Any CPU
		{5BF58915-FEB7-4583-AFA9-DCDCAE885762}.Release|Any CPU.ActiveCfg = Release|Any CPU
		{5BF58915-FEB7-4583-AFA9-DCDCAE885762}.Release|Any CPU.Build.0 = Release|Any CPU
		{8900C89A-0DEF-478C-9141-6CB371A97D00}.Debug|Any CPU.ActiveCfg = Debug|Any CPU
		{8900C89A-0DEF-478C-9141-6CB371A97D00}.Debug|Any CPU.Build.0 = Debug|Any CPU
		{8900C89A-0DEF-478C-9141-6CB371A97D00}.Release|Any CPU.ActiveCfg = Release|Any CPU
		{8900C89A-0DEF-478C-9141-6CB371A97D00}.Release|Any CPU.Build.0 = Release|Any CPU
		{1837BEAC-CC20-46BE-8CD4-D05B2B0D4B5F}.Debug|Any CPU.ActiveCfg = Debug|Any CPU
		{1837BEAC-CC20-46BE-8CD4-D05B2B0D4B5F}.Debug|Any CPU.Build.0 = Debug|Any CPU
		{1837BEAC-CC20-46BE-8CD4-D05B2B0D4B5F}.Release|Any CPU.ActiveCfg = Release|Any CPU
		{1837BEAC-CC20-46BE-8CD4-D05B2B0D4B5F}.Release|Any CPU.Build.0 = Release|Any CPU
		{AC967FCD-47FB-4B5E-90EC-4068607F9652}.Debug|Any CPU.ActiveCfg = Debug|Any CPU
		{AC967FCD-47FB-4B5E-90EC-4068607F9652}.Debug|Any CPU.Build.0 = Debug|Any CPU
		{AC967FCD-47FB-4B5E-90EC-4068607F9652}.Release|Any CPU.ActiveCfg = Release|Any CPU
		{AC967FCD-47FB-4B5E-90EC-4068607F9652}.Release|Any CPU.Build.0 = Release|Any CPU
		{6600FDCB-6942-4798-AE27-52AD63334C71}.Debug|Any CPU.ActiveCfg = Debug|Any CPU
		{6600FDCB-6942-4798-AE27-52AD63334C71}.Debug|Any CPU.Build.0 = Debug|Any CPU
		{6600FDCB-6942-4798-AE27-52AD63334C71}.Release|Any CPU.ActiveCfg = Release|Any CPU
		{6600FDCB-6942-4798-AE27-52AD63334C71}.Release|Any CPU.Build.0 = Release|Any CPU
	EndGlobalSection
	GlobalSection(SolutionProperties) = preSolution
		HideSolutionNode = FALSE
	EndGlobalSection
	GlobalSection(ExtensibilityGlobals) = postSolution
		SolutionGuid = {3CC5A395-3B7E-45D1-9653-C689D8822113}
	EndGlobalSection
EndGlobal
